github.com/google/btree v1.1.2 h1:xf4v41cLI2Z6FxbKm+8Bu+m8ifhj15JuZ9sa0jZCMUU=
github.com/google/btree v1.1.2/go.mod h1:qOPhT0dTNdNzV6Z/lhRX0YXUafgPLFUh+gZMl761Gm4=
github.com/tetratelabs/wazero v1.12.0 h1:DuWcpNu/FzgEXgGBDp8J1Spc+CWOvvtvVyjKlaZopYU=
github.com/tetratelabs/wazero v1.12.0/go.mod h1:LvKtzl2RqO4gyF27BiXU+nKAjcV8f38U+kP/q2vgxh0=
github.com/usbarmory/go-net v0.0.0-20260416163630-1078311e0956 h1:ZjhVXLMT/Ogxs1GIy1g8UJk7yi9G8kt90D0ElAPbaCc=
github.com/usbarmory/go-net v0.0.0-20260416163630-1078311e0956/go.mod h1:+6WiKCFJtJQZdNM2VpwQsYGo/aBJ39pN7nWx6Td3Z8s=
github.com/usbarmory/tamago v1.26.3-0.20260509064216-29100dbf75d2 h1:4cK7VQSOb0yl59VP1fTdyrqCA/0MCB41uhcZLT8hS4k=
github.com/usbarmory/tamago v1.26.3-0.20260509064216-29100dbf75d2/go.mod h1:+p26O/6sbXO3PWWC22bFEuK4qDBmNzW4EgtXfE+kgyQ=
golang.org/x/image v0.41.0 h1:8wS72eGJMJaBxK6okTzd4WaXumUlTVlb753MlsSvTCo=
golang.org/x/image v0.41.0/go.mod h1:uIc348UZMSvS5Z65CVZ7iDPaNobNFEPeJ4kbqTOszmA=
golang.org/x/sys v0.44.0 h1:ildZl3J4uzeKP07r2F++Op7E9B29JRUy+a27EibtBTQ=
golang.org/x/sys v0.44.0/go.mod h1:4GL1E5IUh+htKOUEOaiffhrAeqysfVGipDYzABqnCmw=
golang.org/x/time v0.7.0 h1:ntUhktv3OPE6TgYxXWv9vKvUSJyIFJlyohwbkEwPrKQ=
golang.org/x/time v0.7.0/go.mod h1:3BpzKBy/shNhVucY/MWOyx10tF3SFh9QdLuxbVysPQM=
gvisor.dev/gvisor v0.0.0-20250911055229-61a46406f068 h1:95kdltF/maTDk/Wulj7V81cSLgjB/Mg/6eJmOKsey4U=
gvisor.dev/gvisor v0.0.0-20250911055229-61a46406f068/go.mod h1:K16uJjZ+hSqDVsXhU2Rg2FpMN7kBvjZp/Ibt5BYZJjw=
